// !$*UTF8*$!
{
	archiveVersion = 1;
	classes = {
	};
	objectVersion = 50;
	objects = {

/* Begin PBXBuildFile section */
		2C86F14A2112D83500DF516A /* Assets.xcassets in Resources */ = {isa = PBXBuildFile; fileRef = 2C86F1492112D83500DF516A /* Assets.xcassets */; };
		2C86F14D2112D83500DF516A /* LaunchScreen.storyboard in Resources */ = {isa = PBXBuildFile; fileRef = 2C86F14B2112D83500DF516A /* LaunchScreen.storyboard */; };
		2C86F1502112D83500DF516A /* main.m in Sources */ = {isa = PBXBuildFile; fileRef = 2C86F14F2112D83500DF516A /* main.m */; };
		2C86F15A2112D83600DF516A /* LBDemoTests.m in Sources */ = {isa = PBXBuildFile; fileRef = 2C86F1592112D83600DF516A /* LBDemoTests.m */; };
		2C86F1652112D83600DF516A /* LBDemoUITests.m in Sources */ = {isa = PBXBuildFile; fileRef = 2C86F1642112D83600DF516A /* LBDemoUITests.m */; };
		2CB5D96D2117F8EC007E2FB9 /* LBDemoDelegate.m in Sources */ = {isa = PBXBuildFile; fileRef = 2CB5D96C2117F8EB007E2FB9 /* LBDemoDelegate.m */; };
		2CB5D9762117F9D7007E2FB9 /* LBHomeVC.m in Sources */ = {isa = PBXBuildFile; fileRef = 2CB5D9752117F9D7007E2FB9 /* LBHomeVC.m */; };
		E0F45F7176B82EAF138FC476 /* Pods_LBDemo.framework in Frameworks */ = {isa = PBXBuildFile; fileRef = A4A4CF45B738B0BC4DF81FDC /* Pods_LBDemo.framework */; };
		ED0CCCAA22C0B1BD00E4D384 /* LBLoginCenter.m in Sources */ = {isa = PBXBuildFile; fileRef = ED0CCCA922C0B1BD00E4D384 /* LBLoginCenter.m */; };
		ED0CCCB122C0B20A00E4D384 /* LBModelLogin.m in Sources */ = {isa = PBXBuildFile; fileRef = ED0CCCAD22C0B20A00E4D384 /* LBModelLogin.m */; };
		ED0CCCB522C0B26B00E4D384 /* LBModelBase.m in Sources */ = {isa = PBXBuildFile; fileRef = ED0CCCB322C0B26B00E4D384 /* LBModelBase.m */; };
		ED0CCCB922C1B08000E4D384 /* LBLoginViewModel.m in Sources */ = {isa = PBXBuildFile; fileRef = ED0CCCB822C1B08000E4D384 /* LBLoginViewModel.m */; };
		ED203C6A22C49EA100FF022D /* LBBlockVC.m in Sources */ = {isa = PBXBuildFile; fileRef = ED203C6922C49EA100FF022D /* LBBlockVC.m */; };
		EDC6163F22B8C8DE00525050 /* LBHomeViewControllerViewModel.m in Sources */ = {isa = PBXBuildFile; fileRef = EDC6163E22B8C8DE00525050 /* LBHomeViewControllerViewModel.m */; };
		EDC6164322B8CC9000525050 /* LBModelHomeView.m in Sources */ = {isa = PBXBuildFile; fileRef = EDC6164222B8CC9000525050 /* LBModelHomeView.m */; };
		EDC616A822C0A3C600525050 /* LBHomeCell.m in Sources */ = {isa = PBXBuildFile; fileRef = EDC616A722C0A3C600525050 /* LBHomeCell.m */; };
		EDC616AD22C0AD7200525050 /* LoginViewController.m in Sources */ = {isa = PBXBuildFile; fileRef = EDC616AC22C0AD7200525050 /* LoginViewController.m */; };
/* End PBXBuildFile section */

/* Begin PBXContainerItemProxy section */
		2C86F1562112D83600DF516A /* PBXContainerItemProxy */ = {
			isa = PBXContainerItemProxy;
			containerPortal = 2C86F1352112D82F00DF516A /* Project object */;
			proxyType = 1;
			remoteGlobalIDString = 2C86F13C2112D82F00DF516A;
			remoteInfo = LBDemo;
		};
		2C86F1612112D83600DF516A /* PBXContainerItemProxy */ = {
			isa = PBXContainerItemProxy;
			containerPortal = 2C86F1352112D82F00DF516A /* Project object */;
			proxyType = 1;
			remoteGlobalIDString = 2C86F13C2112D82F00DF516A;
			remoteInfo = LBDemo;
		};
/* End PBXContainerItemProxy section */

/* Begin PBXFileReference section */
		2C86F13D2112D82F00DF516A /* LBDemo.app */ = {isa = PBXFileReference; explicitFileType = wrapper.application; includeInIndex = 0; path = LBDemo.app; sourceTree = BUILT_PRODUCTS_DIR; };
		2C86F1492112D83500DF516A /* Assets.xcassets */ = {isa = PBXFileReference; lastKnownFileType = folder.assetcatalog; path = Assets.xcassets; sourceTree = "<group>"; };
		2C86F14C2112D83500DF516A /* Base */ = {isa = PBXFileReference; lastKnownFileType = file.storyboard; name = Base; path = Base.lproj/LaunchScreen.storyboard; sourceTree = "<group>"; };
		2C86F14E2112D83500DF516A /* Info.plist */ = {isa = PBXFileReference; lastKnownFileType = text.plist.xml; path = Info.plist; sourceTree = "<group>"; };
		2C86F14F2112D83500DF516A /* main.m */ = {isa = PBXFileReference; lastKnownFileType = sourcecode.c.objc; path = main.m; sourceTree = "<group>"; };
		2C86F1552112D83600DF516A /* LBDemoTests.xctest */ = {isa = PBXFileReference; explicitFileType = wrapper.cfbundle; includeInIndex = 0; path = LBDemoTests.xctest; sourceTree = BUILT_PRODUCTS_DIR; };
		2C86F1592112D83600DF516A /* LBDemoTests.m */ = {isa = PBXFileReference; lastKnownFileType = sourcecode.c.objc; path = LBDemoTests.m; sourceTree = "<group>"; };
		2C86F15B2112D83600DF516A /* Info.plist */ = {isa = PBXFileReference; lastKnownFileType = text.plist.xml; path = Info.plist; sourceTree = "<group>"; };
		2C86F1602112D83600DF516A /* LBDemoUITests.xctest */ = {isa = PBXFileReference; explicitFileType = wrapper.cfbundle; includeInIndex = 0; path = LBDemoUITests.xctest; sourceTree = BUILT_PRODUCTS_DIR; };
		2C86F1642112D83600DF516A /* LBDemoUITests.m */ = {isa = PBXFileReference; lastKnownFileType = sourcecode.c.objc; path = LBDemoUITests.m; sourceTree = "<group>"; };
		2C86F1662112D83600DF516A /* Info.plist */ = {isa = PBXFileReference; lastKnownFileType = text.plist.xml; path = Info.plist; sourceTree = "<group>"; };
		2CB5D96B2117F8EB007E2FB9 /* LBDemoDelegate.h */ = {isa = PBXFileReference; fileEncoding = 4; lastKnownFileType = sourcecode.c.h; path = LBDemoDelegate.h; sourceTree = "<group>"; };
		2CB5D96C2117F8EB007E2FB9 /* LBDemoDelegate.m */ = {isa = PBXFileReference; fileEncoding = 4; lastKnownFileType = sourcecode.c.objc; path = LBDemoDelegate.m; sourceTree = "<group>"; };
		2CB5D9742117F9D7007E2FB9 /* LBHomeVC.h */ = {isa = PBXFileReference; lastKnownFileType = sourcecode.c.h; path = LBHomeVC.h; sourceTree = "<group>"; };
		2CB5D9752117F9D7007E2FB9 /* LBHomeVC.m */ = {isa = PBXFileReference; lastKnownFileType = sourcecode.c.objc; path = LBHomeVC.m; sourceTree = "<group>"; };
		2CB5D9792118417B007E2FB9 /* LBPrefixHeader.pch */ = {isa = PBXFileReference; lastKnownFileType = sourcecode.c.h; path = LBPrefixHeader.pch; sourceTree = "<group>"; };
		499B2A141209DAA52AFCE560 /* Pods-LBDemo.debug.xcconfig */ = {isa = PBXFileReference; includeInIndex = 1; lastKnownFileType = text.xcconfig; name = "Pods-LBDemo.debug.xcconfig"; path = "Pods/Target Support Files/Pods-LBDemo/Pods-LBDemo.debug.xcconfig"; sourceTree = "<group>"; };
		A4A4CF45B738B0BC4DF81FDC /* Pods_LBDemo.framework */ = {isa = PBXFileReference; explicitFileType = wrapper.framework; includeInIndex = 0; path = Pods_LBDemo.framework; sourceTree = BUILT_PRODUCTS_DIR; };
		B353408141B2E20FA31FF409 /* Pods-LBDemo.release.xcconfig */ = {isa = PBXFileReference; includeInIndex = 1; lastKnownFileType = text.xcconfig; name = "Pods-LBDemo.release.xcconfig"; path = "Pods/Target Support Files/Pods-LBDemo/Pods-LBDemo.release.xcconfig"; sourceTree = "<group>"; };
		ED0CCCA822C0B1BC00E4D384 /* LBLoginCenter.h */ = {isa = PBXFileReference; fileEncoding = 4; lastKnownFileType = sourcecode.c.h; path = LBLoginCenter.h; sourceTree = "<group>"; };
		ED0CCCA922C0B1BD00E4D384 /* LBLoginCenter.m */ = {isa = PBXFileReference; fileEncoding = 4; lastKnownFileType = sourcecode.c.objc; path = LBLoginCenter.m; sourceTree = "<group>"; };
		ED0CCCAD22C0B20A00E4D384 /* LBModelLogin.m */ = {isa = PBXFileReference; fileEncoding = 4; lastKnownFileType = sourcecode.c.objc; path = LBModelLogin.m; sourceTree = "<group>"; };
		ED0CCCAE22C0B20A00E4D384 /* LBModelLogin.h */ = {isa = PBXFileReference; fileEncoding = 4; lastKnownFileType = sourcecode.c.h; path = LBModelLogin.h; sourceTree = "<group>"; };
		ED0CCCB322C0B26B00E4D384 /* LBModelBase.m */ = {isa = PBXFileReference; fileEncoding = 4; lastKnownFileType = sourcecode.c.objc; path = LBModelBase.m; sourceTree = "<group>"; };
		ED0CCCB422C0B26B00E4D384 /* LBModelBase.h */ = {isa = PBXFileReference; fileEncoding = 4; lastKnownFileType = sourcecode.c.h; path = LBModelBase.h; sourceTree = "<group>"; };
		ED0CCCB722C1B08000E4D384 /* LBLoginViewModel.h */ = {isa = PBXFileReference; lastKnownFileType = sourcecode.c.h; path = LBLoginViewModel.h; sourceTree = "<group>"; };
		ED0CCCB822C1B08000E4D384 /* LBLoginViewModel.m */ = {isa = PBXFileReference; lastKnownFileType = sourcecode.c.objc; path = LBLoginViewModel.m; sourceTree = "<group>"; };
		ED203C6822C49EA100FF022D /* LBBlockVC.h */ = {isa = PBXFileReference; lastKnownFileType = sourcecode.c.h; path = LBBlockVC.h; sourceTree = "<group>"; };
		ED203C6922C49EA100FF022D /* LBBlockVC.m */ = {isa = PBXFileReference; lastKnownFileType = sourcecode.c.objc; path = LBBlockVC.m; sourceTree = "<group>"; };
		EDC6163D22B8C8DE00525050 /* LBHomeViewControllerViewModel.h */ = {isa = PBXFileReference; lastKnownFileType = sourcecode.c.h; path = LBHomeViewControllerViewModel.h; sourceTree = "<group>"; };
		EDC6163E22B8C8DE00525050 /* LBHomeViewControllerViewModel.m */ = {isa = PBXFileReference; lastKnownFileType = sourcecode.c.objc; path = LBHomeViewControllerViewModel.m; sourceTree = "<group>"; };
		EDC6164122B8CC9000525050 /* LBModelHomeView.h */ = {isa = PBXFileReference; lastKnownFileType = sourcecode.c.h; path = LBModelHomeView.h; sourceTree = "<group>"; };
		EDC6164222B8CC9000525050 /* LBModelHomeView.m */ = {isa = PBXFileReference; lastKnownFileType = sourcecode.c.objc; path = LBModelHomeView.m; sourceTree = "<group>"; };
		EDC616A622C0A3C600525050 /* LBHomeCell.h */ = {isa = PBXFileReference; lastKnownFileType = sourcecode.c.h; path = LBHomeCell.h; sourceTree = "<group>"; };
		EDC616A722C0A3C600525050 /* LBHomeCell.m */ = {isa = PBXFileReference; lastKnownFileType = sourcecode.c.objc; path = LBHomeCell.m; sourceTree = "<group>"; };
		EDC616AB22C0AD7100525050 /* LoginViewController.h */ = {isa = PBXFileReference; fileEncoding = 4; lastKnownFileType = sourcecode.c.h; path = LoginViewController.h; sourceTree = "<group>"; };
		EDC616AC22C0AD7200525050 /* LoginViewController.m */ = {isa = PBXFileReference; fileEncoding = 4; lastKnownFileType = sourcecode.c.objc; path = LoginViewController.m; sourceTree = "<group>"; };
/* End PBXFileReference section */

/* Begin PBXFrameworksBuildPhase section */
		2C86F13A2112D82F00DF516A /* Frameworks */ = {
			isa = PBXFrameworksBuildPhase;
			buildActionMask = 2147483647;
			files = (
				E0F45F7176B82EAF138FC476 /* Pods_LBDemo.framework in Frameworks */,
			);
			runOnlyForDeploymentPostprocessing = 0;
		};
		2C86F1522112D83600DF516A /* Frameworks */ = {
			isa = PBXFrameworksBuildPhase;
			buildActionMask = 2147483647;
			files = (
			);
			runOnlyForDeploymentPostprocessing = 0;
		};
		2C86F15D2112D83600DF516A /* Frameworks */ = {
			isa = PBXFrameworksBuildPhase;
			buildActionMask = 2147483647;
			files = (
			);
			runOnlyForDeploymentPostprocessing = 0;
		};
/* End PBXFrameworksBuildPhase section */

/* Begin PBXGroup section */
		2C86F1342112D82F00DF516A = {
			isa = PBXGroup;
			children = (
				2C86F13F2112D82F00DF516A /* LBDemo */,
				2C86F1582112D83600DF516A /* LBDemoTests */,
				2C86F1632112D83600DF516A /* LBDemoUITests */,
				2C86F13E2112D82F00DF516A /* Products */,
				EF62B6FC41D44A84104DFF77 /* Pods */,
				830ABFCCEC502B8152BFDF1A /* Frameworks */,
			);
			sourceTree = "<group>";
		};
		2C86F13E2112D82F00DF516A /* Products */ = {
			isa = PBXGroup;
			children = (
				2C86F13D2112D82F00DF516A /* LBDemo.app */,
				2C86F1552112D83600DF516A /* LBDemoTests.xctest */,
				2C86F1602112D83600DF516A /* LBDemoUITests.xctest */,
			);
			name = Products;
			sourceTree = "<group>";
		};
		2C86F13F2112D82F00DF516A /* LBDemo */ = {
			isa = PBXGroup;
			children = (
				ED0CCCB222C0B25E00E4D384 /* General */,
				2CB5D96E2117F960007E2FB9 /* Modules */,
				2CB5D96A2117F8EB007E2FB9 /* Application */,
				2CB5D9732117F995007E2FB9 /* supportingFiles */,
			);
			path = LBDemo;
			sourceTree = "<group>";
		};
		2C86F1582112D83600DF516A /* LBDemoTests */ = {
			isa = PBXGroup;
			children = (
				2C86F1592112D83600DF516A /* LBDemoTests.m */,
				2C86F15B2112D83600DF516A /* Info.plist */,
			);
			path = LBDemoTests;
			sourceTree = "<group>";
		};
		2C86F1632112D83600DF516A /* LBDemoUITests */ = {
			isa = PBXGroup;
			children = (
				2C86F1642112D83600DF516A /* LBDemoUITests.m */,
				2C86F1662112D83600DF516A /* Info.plist */,
			);
			path = LBDemoUITests;
			sourceTree = "<group>";
		};
		2CB5D96A2117F8EB007E2FB9 /* Application */ = {
			isa = PBXGroup;
			children = (
				2CB5D96B2117F8EB007E2FB9 /* LBDemoDelegate.h */,
				2CB5D96C2117F8EB007E2FB9 /* LBDemoDelegate.m */,
			);
			path = Application;
			sourceTree = "<group>";
		};
		2CB5D96E2117F960007E2FB9 /* Modules */ = {
			isa = PBXGroup;
			children = (
				ED203C6722C49E6000FF022D /* block */,
				EDC616A922C0ACE300525050 /* Login */,
				2CB5D96F2117F960007E2FB9 /* Home */,
			);
			path = Modules;
			sourceTree = "<group>";
		};
		2CB5D96F2117F960007E2FB9 /* Home */ = {
			isa = PBXGroup;
			children = (
				EDC616A522C0A37D00525050 /* View */,
				EDC6164022B8CC6300525050 /* Model */,
				EDC6163C22B8C8A200525050 /* ViewModel */,
				2CB5D9702117F960007E2FB9 /* Controller */,
			);
			path = Home;
			sourceTree = "<group>";
		};
		2CB5D9702117F960007E2FB9 /* Controller */ = {
			isa = PBXGroup;
			children = (
				2CB5D9742117F9D7007E2FB9 /* LBHomeVC.h */,
				2CB5D9752117F9D7007E2FB9 /* LBHomeVC.m */,
			);
			path = Controller;
			sourceTree = "<group>";
		};
		2CB5D9732117F995007E2FB9 /* supportingFiles */ = {
			isa = PBXGroup;
			children = (
				2C86F1492112D83500DF516A /* Assets.xcassets */,
				2C86F14B2112D83500DF516A /* LaunchScreen.storyboard */,
				2C86F14E2112D83500DF516A /* Info.plist */,
				2C86F14F2112D83500DF516A /* main.m */,
				2CB5D9792118417B007E2FB9 /* LBPrefixHeader.pch */,
			);
			path = supportingFiles;
			sourceTree = "<group>";
		};
		830ABFCCEC502B8152BFDF1A /* Frameworks */ = {
			isa = PBXGroup;
			children = (
				A4A4CF45B738B0BC4DF81FDC /* Pods_LBDemo.framework */,
			);
			name = Frameworks;
			sourceTree = "<group>";
		};
		ED0CCCAB22C0B1FF00E4D384 /* model */ = {
			isa = PBXGroup;
			children = (
				ED0CCCAE22C0B20A00E4D384 /* LBModelLogin.h */,
				ED0CCCAD22C0B20A00E4D384 /* LBModelLogin.m */,
			);
			path = model;
			sourceTree = "<group>";
		};
		ED0CCCB222C0B25E00E4D384 /* General */ = {
			isa = PBXGroup;
			children = (
				ED0CCCB422C0B26B00E4D384 /* LBModelBase.h */,
				ED0CCCB322C0B26B00E4D384 /* LBModelBase.m */,
			);
			path = General;
			sourceTree = "<group>";
		};
		ED0CCCB622C1B06200E4D384 /* ViewModel */ = {
			isa = PBXGroup;
			children = (
				ED0CCCB722C1B08000E4D384 /* LBLoginViewModel.h */,
				ED0CCCB822C1B08000E4D384 /* LBLoginViewModel.m */,
			);
			path = ViewModel;
			sourceTree = "<group>";
		};
		ED203C6722C49E6000FF022D /* block */ = {
			isa = PBXGroup;
			children = (
				ED203C6B22C49EA400FF022D /* Controllers */,
			);
			path = block;
			sourceTree = "<group>";
		};
		ED203C6B22C49EA400FF022D /* Controllers */ = {
			isa = PBXGroup;
			children = (
				ED203C6822C49EA100FF022D /* LBBlockVC.h */,
				ED203C6922C49EA100FF022D /* LBBlockVC.m */,
			);
			path = Controllers;
			sourceTree = "<group>";
		};
		EDC6163C22B8C8A200525050 /* ViewModel */ = {
			isa = PBXGroup;
			children = (
				EDC6163D22B8C8DE00525050 /* LBHomeViewControllerViewModel.h */,
				EDC6163E22B8C8DE00525050 /* LBHomeViewControllerViewModel.m */,
			);
			path = ViewModel;
			sourceTree = "<group>";
		};
		EDC6164022B8CC6300525050 /* Model */ = {
			isa = PBXGroup;
			children = (
				EDC6164122B8CC9000525050 /* LBModelHomeView.h */,
				EDC6164222B8CC9000525050 /* LBModelHomeView.m */,
			);
			path = Model;
			sourceTree = "<group>";
		};
		EDC616A522C0A37D00525050 /* View */ = {
			isa = PBXGroup;
			children = (
				EDC616A622C0A3C600525050 /* LBHomeCell.h */,
				EDC616A722C0A3C600525050 /* LBHomeCell.m */,
			);
			path = View;
			sourceTree = "<group>";
		};
		EDC616A922C0ACE300525050 /* Login */ = {
			isa = PBXGroup;
			children = (
				ED0CCCA822C0B1BC00E4D384 /* LBLoginCenter.h */,
				ED0CCCA922C0B1BD00E4D384 /* LBLoginCenter.m */,
				EDC616AA22C0AD2C00525050 /* ViewController */,
				ED0CCCB622C1B06200E4D384 /* ViewModel */,
				ED0CCCAB22C0B1FF00E4D384 /* model */,
			);
			path = Login;
			sourceTree = "<group>";
		};
		EDC616AA22C0AD2C00525050 /* ViewController */ = {
			isa = PBXGroup;
			children = (
				EDC616AB22C0AD7100525050 /* LoginViewController.h */,
				EDC616AC22C0AD7200525050 /* LoginViewController.m */,
			);
			path = ViewController;
			sourceTree = "<group>";
		};
		EF62B6FC41D44A84104DFF77 /* Pods */ = {
			isa = PBXGroup;
			children = (
				499B2A141209DAA52AFCE560 /* Pods-LBDemo.debug.xcconfig */,
				B353408141B2E20FA31FF409 /* Pods-LBDemo.release.xcconfig */,
			);
			name = Pods;
			sourceTree = "<group>";
		};
/* End PBXGroup section */

/* Begin PBXNativeTarget section */
		2C86F13C2112D82F00DF516A /* LBDemo */ = {
			isa = PBXNativeTarget;
			buildConfigurationList = 2C86F1692112D83600DF516A /* Build configuration list for PBXNativeTarget "LBDemo" */;
			buildPhases = (
				6F3453F5B465995B2B9E7360 /* [CP] Check Pods Manifest.lock */,
				2C86F1392112D82F00DF516A /* Sources */,
				2C86F13A2112D82F00DF516A /* Frameworks */,
				2C86F13B2112D82F00DF516A /* Resources */,
				B1B710D8B29833622151B6EB /* [CP] Embed Pods Frameworks */,
			);
			buildRules = (
			);
			dependencies = (
			);
			name = LBDemo;
			productName = LBDemo;
			productReference = 2C86F13D2112D82F00DF516A /* LBDemo.app */;
			productType = "com.apple.product-type.application";
		};
		2C86F1542112D83600DF516A /* LBDemoTests */ = {
			isa = PBXNativeTarget;
			buildConfigurationList = 2C86F16C2112D83600DF516A /* Build configuration list for PBXNativeTarget "LBDemoTests" */;
			buildPhases = (
				2C86F1512112D83600DF516A /* Sources */,
				2C86F1522112D83600DF516A /* Frameworks */,
				2C86F1532112D83600DF516A /* Resources */,
			);
			buildRules = (
			);
			dependencies = (
				2C86F1572112D83600DF516A /* PBXTargetDependency */,
			);
			name = LBDemoTests;
			productName = LBDemoTests;
			productReference = 2C86F1552112D83600DF516A /* LBDemoTests.xctest */;
			productType = "com.apple.product-type.bundle.unit-test";
		};
		2C86F15F2112D83600DF516A /* LBDemoUITests */ = {
			isa = PBXNativeTarget;
			buildConfigurationList = 2C86F16F2112D83600DF516A /* Build configuration list for PBXNativeTarget "LBDemoUITests" */;
			buildPhases = (
				2C86F15C2112D83600DF516A /* Sources */,
				2C86F15D2112D83600DF516A /* Frameworks */,
				2C86F15E2112D83600DF516A /* Resources */,
			);
			buildRules = (
			);
			dependencies = (
				2C86F1622112D83600DF516A /* PBXTargetDependency */,
			);
			name = LBDemoUITests;
			productName = LBDemoUITests;
			productReference = 2C86F1602112D83600DF516A /* LBDemoUITests.xctest */;
			productType = "com.apple.product-type.bundle.ui-testing";
		};
/* End PBXNativeTarget section */

/* Begin PBXProject section */
		2C86F1352112D82F00DF516A /* Project object */ = {
			isa = PBXProject;
			attributes = {
				LastUpgradeCheck = 0940;
				ORGANIZATIONNAME = ivan;
				TargetAttributes = {
					2C86F13C2112D82F00DF516A = {
						CreatedOnToolsVersion = 9.4.1;
					};
					2C86F1542112D83600DF516A = {
						CreatedOnToolsVersion = 9.4.1;
						TestTargetID = 2C86F13C2112D82F00DF516A;
					};
					2C86F15F2112D83600DF516A = {
						CreatedOnToolsVersion = 9.4.1;
						TestTargetID = 2C86F13C2112D82F00DF516A;
					};
				};
			};
			buildConfigurationList = 2C86F1382112D82F00DF516A /* Build configuration list for PBXProject "LBDemo" */;
			compatibilityVersion = "Xcode 9.3";
			developmentRegion = en;
			hasScannedForEncodings = 0;
			knownRegions = (
				en,
				Base,
			);
			mainGroup = 2C86F1342112D82F00DF516A;
			productRefGroup = 2C86F13E2112D82F00DF516A /* Products */;
			projectDirPath = "";
			projectRoot = "";
			targets = (
				2C86F13C2112D82F00DF516A /* LBDemo */,
				2C86F1542112D83600DF516A /* LBDemoTests */,
				2C86F15F2112D83600DF516A /* LBDemoUITests */,
			);
		};
/* End PBXProject section */

/* Begin PBXResourcesBuildPhase section */
		2C86F13B2112D82F00DF516A /* Resources */ = {
			isa = PBXResourcesBuildPhase;
			buildActionMask = 2147483647;
			files = (
				2C86F14D2112D83500DF516A /* LaunchScreen.storyboard in Resources */,
				2C86F14A2112D83500DF516A /* Assets.xcassets in Resources */,
			);
			runOnlyForDeploymentPostprocessing = 0;
		};
		2C86F1532112D83600DF516A /* Resources */ = {
			isa = PBXResourcesBuildPhase;
			buildActionMask = 2147483647;
			files = (
			);
			runOnlyForDeploymentPostprocessing = 0;
		};
		2C86F15E2112D83600DF516A /* Resources */ = {
			isa = PBXResourcesBuildPhase;
			buildActionMask = 2147483647;
			files = (
			);
			runOnlyForDeploymentPostprocessing = 0;
		};
/* End PBXResourcesBuildPhase section */

/* Begin PBXShellScriptBuildPhase section */
		6F3453F5B465995B2B9E7360 /* [CP] Check Pods Manifest.lock */ = {
			isa = PBXShellScriptBuildPhase;
			buildActionMask = 2147483647;
			files = (
			);
			inputPaths = (
				"${PODS_PODFILE_DIR_PATH}/Podfile.lock",
				"${PODS_ROOT}/Manifest.lock",
			);
			name = "[CP] Check Pods Manifest.lock";
			outputPaths = (
				"$(DERIVED_FILE_DIR)/Pods-LBDemo-checkManifestLockResult.txt",
			);
			runOnlyForDeploymentPostprocessing = 0;
			shellPath = /bin/sh;
			shellScript = "diff \"${PODS_PODFILE_DIR_PATH}/Podfile.lock\" \"${PODS_ROOT}/Manifest.lock\" > /dev/null\nif [ $? != 0 ] ; then\n    # print error to STDERR\n    echo \"error: The sandbox is not in sync with the Podfile.lock. Run 'pod install' or update your CocoaPods installation.\" >&2\n    exit 1\nfi\n# This output is used by Xcode 'outputs' to avoid re-running this script phase.\necho \"SUCCESS\" > \"${SCRIPT_OUTPUT_FILE_0}\"\n";
			showEnvVarsInLog = 0;
		};
		B1B710D8B29833622151B6EB /* [CP] Embed Pods Frameworks */ = {
			isa = PBXShellScriptBuildPhase;
			buildActionMask = 2147483647;
			files = (
			);
			inputPaths = (
				"${PODS_ROOT}/Target Support Files/Pods-LBDemo/Pods-LBDemo-frameworks.sh",
				"${BUILT_PRODUCTS_DIR}/AFNetworking/AFNetworking.framework",
				"${BUILT_PRODUCTS_DIR}/BlocksKit/BlocksKit.framework",
				"${BUILT_PRODUCTS_DIR}/CocoaAsyncSocket/CocoaAsyncSocket.framework",
				"${BUILT_PRODUCTS_DIR}/IQKeyboardManager/IQKeyboardManager.framework",
				"${BUILT_PRODUCTS_DIR}/LBUIKit/LBUIKit.framework",
				"${BUILT_PRODUCTS_DIR}/MJRefresh/MJRefresh.framework",
				"${BUILT_PRODUCTS_DIR}/Masonry/Masonry.framework",
				"${BUILT_PRODUCTS_DIR}/ReactiveObjC/ReactiveObjC.framework",
				"${BUILT_PRODUCTS_DIR}/SVProgressHUD/SVProgressHUD.framework",
			);
			name = "[CP] Embed Pods Frameworks";
			outputPaths = (
				"${TARGET_BUILD_DIR}/${FRAMEWORKS_FOLDER_PATH}/AFNetworking.framework",
				"${TARGET_BUILD_DIR}/${FRAMEWORKS_FOLDER_PATH}/BlocksKit.framework",
				"${TARGET_BUILD_DIR}/${FRAMEWORKS_FOLDER_PATH}/CocoaAsyncSocket.framework",
				"${TARGET_BUILD_DIR}/${FRAMEWORKS_FOLDER_PATH}/IQKeyboardManager.framework",
				"${TARGET_BUILD_DIR}/${FRAMEWORKS_FOLDER_PATH}/LBUIKit.framework",
				"${TARGET_BUILD_DIR}/${FRAMEWORKS_FOLDER_PATH}/MJRefresh.framework",
				"${TARGET_BUILD_DIR}/${FRAMEWORKS_FOLDER_PATH}/Masonry.framework",
				"${TARGET_BUILD_DIR}/${FRAMEWORKS_FOLDER_PATH}/ReactiveObjC.framework",
				"${TARGET_BUILD_DIR}/${FRAMEWORKS_FOLDER_PATH}/SVProgressHUD.framework",
			);
			runOnlyForDeploymentPostprocessing = 0;
			shellPath = /bin/sh;
			shellScript = "\"${PODS_ROOT}/Target Support Files/Pods-LBDemo/Pods-LBDemo-frameworks.sh\"\n";
			showEnvVarsInLog = 0;
		};
/* End PBXShellScriptBuildPhase section */

/* Begin PBXSourcesBuildPhase section */
		2C86F1392112D82F00DF516A /* Sources */ = {
			isa = PBXSourcesBuildPhase;
			buildActionMask = 2147483647;
			files = (
				EDC616A822C0A3C600525050 /* LBHomeCell.m in Sources */,
				ED0CCCAA22C0B1BD00E4D384 /* LBLoginCenter.m in Sources */,
				ED0CCCB522C0B26B00E4D384 /* LBModelBase.m in Sources */,
				EDC6163F22B8C8DE00525050 /* LBHomeViewControllerViewModel.m in Sources */,
				ED0CCCB922C1B08000E4D384 /* LBLoginViewModel.m in Sources */,
				2CB5D96D2117F8EC007E2FB9 /* LBDemoDelegate.m in Sources */,
				EDC6164322B8CC9000525050 /* LBModelHomeView.m in Sources */,
				ED0CCCB122C0B20A00E4D384 /* LBModelLogin.m in Sources */,
				ED203C6A22C49EA100FF022D /* LBBlockVC.m in Sources */,
				EDC616AD22C0AD7200525050 /* LoginViewController.m in Sources */,
				2CB5D9762117F9D7007E2FB9 /* LBHomeVC.m in Sources */,
				2C86F1502112D83500DF516A /* main.m in Sources */,
			);
			runOnlyForDeploymentPostprocessing = 0;
		};
		2C86F1512112D83600DF516A /* Sources */ = {
			isa = PBXSourcesBuildPhase;
			buildActionMask = 2147483647;
			files = (
				2C86F15A2112D83600DF516A /* LBDemoTests.m in Sources */,
			);
			runOnlyForDeploymentPostprocessing = 0;
		};
		2C86F15C2112D83600DF516A /* Sources */ = {
			isa = PBXSourcesBuildPhase;
			buildActionMask = 2147483647;
			files = (
				2C86F1652112D83600DF516A /* LBDemoUITests.m in Sources */,
			);
			runOnlyForDeploymentPostprocessing = 0;
		};
/* End PBXSourcesBuildPhase section */

/* Begin PBXTargetDependency section */
		2C86F1572112D83600DF516A /* PBXTargetDependency */ = {
			isa = PBXTargetDependency;
			target = 2C86F13C2112D82F00DF516A /* LBDemo */;
			targetProxy = 2C86F1562112D83600DF516A /* PBXContainerItemProxy */;
		};
		2C86F1622112D83600DF516A /* PBXTargetDependency */ = {
			isa = PBXTargetDependency;
			target = 2C86F13C2112D82F00DF516A /* LBDemo */;
			targetProxy = 2C86F1612112D83600DF516A /* PBXContainerItemProxy */;
		};
/* End PBXTargetDependency section */

/* Begin PBXVariantGroup section */
		2C86F14B2112D83500DF516A /* LaunchScreen.storyboard */ = {
			isa = PBXVariantGroup;
			children = (
				2C86F14C2112D83500DF516A /* Base */,
			);
			name = LaunchScreen.storyboard;
			sourceTree = "<group>";
		};
/* End PBXVariantGroup section */

/* Begin XCBuildConfiguration section */
		2C86F1672112D83600DF516A /* Debug */ = {
			isa = XCBuildConfiguration;
			buildSettings = {
				ALWAYS_SEARCH_USER_PATHS = NO;
				CLANG_ANALYZER_NONNULL = YES;
				CLANG_ANALYZER_NUMBER_OBJECT_CONVERSION = YES_AGGRESSIVE;
				CLANG_CXX_LANGUAGE_STANDARD = "gnu++14";
				CLANG_CXX_LIBRARY = "libc++";
				CLANG_ENABLE_MODULES = YES;
				CLANG_ENABLE_OBJC_ARC = YES;
				CLANG_ENABLE_OBJC_WEAK = YES;
				CLANG_WARN_BLOCK_CAPTURE_AUTORELEASING = YES;
				CLANG_WARN_BOOL_CONVERSION = YES;
				CLANG_WARN_COMMA = YES;
				CLANG_WARN_CONSTANT_CONVERSION = YES;
				CLANG_WARN_DEPRECATED_OBJC_IMPLEMENTATIONS = YES;
				CLANG_WARN_DIRECT_OBJC_ISA_USAGE = YES_ERROR;
				CLANG_WARN_DOCUMENTATION_COMMENTS = YES;
				CLANG_WARN_EMPTY_BODY = YES;
				CLANG_WARN_ENUM_CONVERSION = YES;
				CLANG_WARN_INFINITE_RECURSION = YES;
				CLANG_WARN_INT_CONVERSION = YES;
				CLANG_WARN_NON_LITERAL_NULL_CONVERSION = YES;
				CLANG_WARN_OBJC_IMPLICIT_RETAIN_SELF = YES;
				CLANG_WARN_OBJC_LITERAL_CONVERSION = YES;
				CLANG_WARN_OBJC_ROOT_CLASS = YES_ERROR;
				CLANG_WARN_RANGE_LOOP_ANALYSIS = YES;
				CLANG_WARN_STRICT_PROTOTYPES = YES;
				CLANG_WARN_SUSPICIOUS_MOVE = YES;
				CLANG_WARN_UNGUARDED_AVAILABILITY = YES_AGGRESSIVE;
				CLANG_WARN_UNREACHABLE_CODE = YES;
				CLANG_WARN__DUPLICATE_METHOD_MATCH = YES;
				CODE_SIGN_IDENTITY = "iPhone Developer";
				COPY_PHASE_STRIP = NO;
				DEBUG_INFORMATION_FORMAT = dwarf;
				ENABLE_STRICT_OBJC_MSGSEND = YES;
				ENABLE_TESTABILITY = YES;
				GCC_C_LANGUAGE_STANDARD = gnu11;
				GCC_DYNAMIC_NO_PIC = NO;
				GCC_NO_COMMON_BLOCKS = YES;
				GCC_OPTIMIZATION_LEVEL = 0;
				GCC_PREPROCESSOR_DEFINITIONS = (
					"DEBUG=1",
					"$(inherited)",
				);
				GCC_WARN_64_TO_32_BIT_CONVERSION = YES;
				GCC_WARN_ABOUT_RETURN_TYPE = YES_ERROR;
				GCC_WARN_UNDECLARED_SELECTOR = YES;
				GCC_WARN_UNINITIALIZED_AUTOS = YES_AGGRESSIVE;
				GCC_WARN_UNUSED_FUNCTION = YES;
				GCC_WARN_UNUSED_VARIABLE = YES;
				IPHONEOS_DEPLOYMENT_TARGET = 11.4;
				MTL_ENABLE_DEBUG_INFO = YES;
				ONLY_ACTIVE_ARCH = YES;
				SDKROOT = iphoneos;
			};
			name = Debug;
		};
		2C86F1682112D83600DF516A /* Release */ = {
			isa = XCBuildConfiguration;
			buildSettings = {
				ALWAYS_SEARCH_USER_PATHS = NO;
				CLANG_ANALYZER_NONNULL = YES;
				CLANG_ANALYZER_NUMBER_OBJECT_CONVERSION = YES_AGGRESSIVE;
				CLANG_CXX_LANGUAGE_STANDARD = "gnu++14";
				CLANG_CXX_LIBRARY = "libc++";
				CLANG_ENABLE_MODULES = YES;
				CLANG_ENABLE_OBJC_ARC = YES;
				CLANG_ENABLE_OBJC_WEAK = YES;
				CLANG_WARN_BLOCK_CAPTURE_AUTORELEASING = YES;
				CLANG_WARN_BOOL_CONVERSION = YES;
				CLANG_WARN_COMMA = YES;
				CLANG_WARN_CONSTANT_CONVERSION = YES;
				CLANG_WARN_DEPRECATED_OBJC_IMPLEMENTATIONS = YES;
				CLANG_WARN_DIRECT_OBJC_ISA_USAGE = YES_ERROR;
				CLANG_WARN_DOCUMENTATION_COMMENTS = YES;
				CLANG_WARN_EMPTY_BODY = YES;
				CLANG_WARN_ENUM_CONVERSION = YES;
				CLANG_WARN_INFINITE_RECURSION = YES;
				CLANG_WARN_INT_CONVERSION = YES;
				CLANG_WARN_NON_LITERAL_NULL_CONVERSION = YES;
				CLANG_WARN_OBJC_IMPLICIT_RETAIN_SELF = YES;
				CLANG_WARN_OBJC_LITERAL_CONVERSION = YES;
				CLANG_WARN_OBJC_ROOT_CLASS = YES_ERROR;
				CLANG_WARN_RANGE_LOOP_ANALYSIS = YES;
				CLANG_WARN_STRICT_PROTOTYPES = YES;
				CLANG_WARN_SUSPICIOUS_MOVE = YES;
				CLANG_WARN_UNGUARDED_AVAILABILITY = YES_AGGRESSIVE;
				CLANG_WARN_UNREACHABLE_CODE = YES;
				CLANG_WARN__DUPLICATE_METHOD_MATCH = YES;
				CODE_SIGN_IDENTITY = "iPhone Developer";
				COPY_PHASE_STRIP = NO;
				DEBUG_INFORMATION_FORMAT = "dwarf-with-dsym";
				ENABLE_NS_ASSERTIONS = NO;
				ENABLE_STRICT_OBJC_MSGSEND = YES;
				GCC_C_LANGUAGE_STANDARD = gnu11;
				GCC_NO_COMMON_BLOCKS = YES;
				GCC_WARN_64_TO_32_BIT_CONVERSION = YES;
				GCC_WARN_ABOUT_RETURN_TYPE = YES_ERROR;
				GCC_WARN_UNDECLARED_SELECTOR = YES;
				GCC_WARN_UNINITIALIZED_AUTOS = YES_AGGRESSIVE;
				GCC_WARN_UNUSED_FUNCTION = YES;
				GCC_WARN_UNUSED_VARIABLE = YES;
				IPHONEOS_DEPLOYMENT_TARGET = 11.4;
				MTL_ENABLE_DEBUG_INFO = NO;
				SDKROOT = iphoneos;
				VALIDATE_PRODUCT = YES;
			};
			name = Release;
		};
		2C86F16A2112D83600DF516A /* Debug */ = {
			isa = XCBuildConfiguration;
			baseConfigurationReference = 499B2A141209DAA52AFCE560 /* Pods-LBDemo.debug.xcconfig */;
			buildSettings = {
				ASSETCATALOG_COMPILER_APPICON_NAME = AppIcon;
				CODE_SIGN_IDENTITY = "iPhone Developer";
				CODE_SIGN_STYLE = Automatic;
				DEVELOPMENT_TEAM = "";
				GCC_PRECOMPILE_PREFIX_HEADER = YES;
				GCC_PREFIX_HEADER = "$(SRCROOT)/LBDemo/supportingFiles/LBPrefixHeader.pch";
				INFOPLIST_FILE = LBDemo/supportingFiles/Info.plist;
				LD_RUNPATH_SEARCH_PATHS = (
					"$(inherited)",
					"@executable_path/Frameworks",
				);
				PRODUCT_BUNDLE_IDENTIFIER = com.xsunt.LBDemo;
				PRODUCT_NAME = "$(TARGET_NAME)";
				PROVISIONING_PROFILE_SPECIFIER = "";
				TARGETED_DEVICE_FAMILY = "1,2";
				USER_HEADER_SEARCH_PATHS = "${SRCROOT}/**";
			};
			name = Debug;
		};
		2C86F16B2112D83600DF516A /* Release */ = {
			isa = XCBuildConfiguration;
			baseConfigurationReference = B353408141B2E20FA31FF409 /* Pods-LBDemo.release.xcconfig */;
			buildSettings = {
				ASSETCATALOG_COMPILER_APPICON_NAME = AppIcon;
				CODE_SIGN_IDENTITY = "iPhone Developer";
				CODE_SIGN_STYLE = Automatic;
				DEVELOPMENT_TEAM = "";
				GCC_PRECOMPILE_PREFIX_HEADER = YES;
				GCC_PREFIX_HEADER = "$(SRCROOT)/LBDemo/supportingFiles/LBPrefixHeader.pch";
				INFOPLIST_FILE = LBDemo/supportingFiles/Info.plist;
				LD_RUNPATH_SEARCH_PATHS = (
					"$(inherited)",
					"@executable_path/Frameworks",
				);
				PRODUCT_BUNDLE_IDENTIFIER = com.xsunt.LBDemo;
				PRODUCT_NAME = "$(TARGET_NAME)";
				PROVISIONING_PROFILE_SPECIFIER = "";
				TARGETED_DEVICE_FAMILY = "1,2";
				USER_HEADER_SEARCH_PATHS = "${SRCROOT}/**";
			};
			name = Release;
		};
		2C86F16D2112D83600DF516A /* Debug */ = {
			isa = XCBuildConfiguration;
			buildSettings = {
				BUNDLE_LOADER = "$(TEST_HOST)";
				CODE_SIGN_STYLE = Automatic;
				DEVELOPMENT_TEAM = 67F8UK8HS4;
				INFOPLIST_FILE = LBDemoTests/Info.plist;
				LD_RUNPATH_SEARCH_PATHS = (
					"$(inherited)",
					"@executable_path/Frameworks",
					"@loader_path/Frameworks",
				);
				PRODUCT_BUNDLE_IDENTIFIER = com.xsunt.LBDemoTests;
				PRODUCT_NAME = "$(TARGET_NAME)";
				TARGETED_DEVICE_FAMILY = "1,2";
				TEST_HOST = "$(BUILT_PRODUCTS_DIR)/LBDemo.app/LBDemo";
			};
			name = Debug;
		};
		2C86F16E2112D83600DF516A /* Release */ = {
			isa = XCBuildConfiguration;
			buildSettings = {
				BUNDLE_LOADER = "$(TEST_HOST)";
				CODE_SIGN_STYLE = Automatic;
				DEVELOPMENT_TEAM = 67F8UK8HS4;
				INFOPLIST_FILE = LBDemoTests/Info.plist;
				LD_RUNPATH_SEARCH_PATHS = (
					"$(inherited)",
					"@executable_path/Frameworks",
					"@loader_path/Frameworks",
				);
				PRODUCT_BUNDLE_IDENTIFIER = com.xsunt.LBDemoTests;
				PRODUCT_NAME = "$(TARGET_NAME)";
				TARGETED_DEVICE_FAMILY = "1,2";
				TEST_HOST = "$(BUILT_PRODUCTS_DIR)/LBDemo.app/LBDemo";
			};
			name = Release;
		};
		2C86F1702112D83600DF516A /* Debug */ = {
			isa = XCBuildConfiguration;
			buildSettings = {
				CODE_SIGN_STYLE = Automatic;
				DEVELOPMENT_TEAM = 67F8UK8HS4;
				INFOPLIST_FILE = LBDemoUITests/Info.plist;
				LD_RUNPATH_SEARCH_PATHS = (
					"$(inherited)",
					"@executable_path/Frameworks",
					"@loader_path/Frameworks",
				);
				PRODUCT_BUNDLE_IDENTIFIER = com.xsunt.LBDemoUITests;
				PRODUCT_NAME = "$(TARGET_NAME)";
				TARGETED_DEVICE_FAMILY = "1,2";
				TEST_TARGET_NAME = LBDemo;
			};
			name = Debug;
		};
		2C86F1712112D83600DF516A /* Release */ = {
			isa = XCBuildConfiguration;
			buildSettings = {
				CODE_SIGN_STYLE = Automatic;
				DEVELOPMENT_TEAM = 67F8UK8HS4;
				INFOPLIST_FILE = LBDemoUITests/Info.plist;
				LD_RUNPATH_SEARCH_PATHS = (
					"$(inherited)",
					"@executable_path/Frameworks",
					"@loader_path/Frameworks",
				);
				PRODUCT_BUNDLE_IDENTIFIER = com.xsunt.LBDemoUITests;
				PRODUCT_NAME = "$(TARGET_NAME)";
				TARGETED_DEVICE_FAMILY = "1,2";
				TEST_TARGET_NAME = LBDemo;
			};
			name = Release;
		};
/* End XCBuildConfiguration section */

/* Begin XCConfigurationList section */
		2C86F1382112D82F00DF516A /* Build configuration list for PBXProject "LBDemo" */ = {
			isa = XCConfigurationList;
			buildConfigurations = (
				2C86F1672112D83600DF516A /* Debug */,
				2C86F1682112D83600DF516A /* Release */,
			);
			defaultConfigurationIsVisible = 0;
			defaultConfigurationName = Release;
		};
		2C86F1692112D83600DF516A /* Build configuration list for PBXNativeTarget "LBDemo" */ = {
			isa = XCConfigurationList;
			buildConfigurations = (
				2C86F16A2112D83600DF516A /* Debug */,
				2C86F16B2112D83600DF516A /* Release */,
			);
			defaultConfigurationIsVisible = 0;
			defaultConfigurationName = Release;
		};
		2C86F16C2112D83600DF516A /* Build configuration list for PBXNativeTarget "LBDemoTests" */ = {
			isa = XCConfigurationList;
			buildConfigurations = (
				2C86F16D2112D83600DF516A /* Debug */,
				2C86F16E2112D83600DF516A /* Release */,
			);
			defaultConfigurationIsVisible = 0;
			defaultConfigurationName = Release;
		};
		2C86F16F2112D83600DF516A /* Build configuration list for PBXNativeTarget "LBDemoUITests" */ = {
			isa = XCConfigurationList;
			buildConfigurations = (
				2C86F1702112D83600DF516A /* Debug */,
				2C86F1712112D83600DF516A /* Release */,
			);
			defaultConfigurationIsVisible = 0;
			defaultConfigurationName = Release;
		};
/* End XCConfigurationList section */
	};
	rootObject = 2C86F1352112D82F00DF516A /* Project object */;
}
